
Microsoft Visual Studio Solution File, Format Version 12.00
# Visual Studio 2012
Project("{FAE04EC0-301F-11D3-BF4B-00C04F79EFBC}") = "MapColoring", "MapColoring\MapColoring.csproj", "{093E7AD1-2FE8-4FD0-A712-89A8C87FAD2F}"
EndProject
Global
	GlobalSection(SolutionConfigurationPlatforms) = preSolution
		Debug|Any CPU = Debug|Any CPU
		Release|Any CPU = Release|Any CPU
	EndGlobalSection
	GlobalSection(ProjectConfigurationPlatforms) = postSolution
		{093E7AD1-2FE8-4FD0-A712-89A8C87FAD2F}.Debug|Any CPU.ActiveCfg = Debug|Any CPU
		{093E7AD1-2FE8-4FD0-A712-89A8C87FAD2F}.Debug|Any CPU.Build.0 = Debug|Any CPU
		{093E7AD1-2FE8-4FD0-A712-89A8C87FAD2F}.Release|Any CPU.ActiveCfg = Release|Any CPU
		{093E7AD1-2FE8-4FD0-A712-89A8C87FAD2F}.Release|Any CPU.Build.0 = Release|Any CPU
	EndGlobalSection
	GlobalSection(SolutionProperties) = preSolution
		HideSolutionNode = FALSE
	EndGlobalSection
EndGlobal
